
Microsoft Visual Studio Solution File, Format Version 12.00
# Visual Studio Version 17
VisualStudioVersion = 17.11.35327.3
MinimumVisualStudioVersion = 10.0.40219.1
Project("{FAE04EC0-301F-11D3-BF4B-00C04F79EFBC}") = "TFL.Journey.Planner.Website", "TFL.Journey.Planner.Website\TFL.Journey.Planner.Website.csproj", "{11CC20DC-7ED4-4AA8-A780-F62BB713927E}"
EndProject
Project("{FAE04EC0-301F-11D3-BF4B-00C04F79EFBC}") = "Journey.Planner.Website.Test", "Journey.Planner.Website.Test\Journey.Planner.Website.Test.csproj", "{4777C0CF-F963-4FA9-A48E-0F133057086A}"
EndProject
Global
	GlobalSection(SolutionConfigurationPlatforms) = preSolution
		Debug|Any CPU = Debug|Any CPU
		Release|Any CPU = Release|Any CPU
	EndGlobalSection
	GlobalSection(ProjectConfigurationPlatforms) = postSolution
		{11CC20DC-7ED4-4AA8-A780-F62BB713927E}.Debug|Any CPU.ActiveCfg = Debug|Any CPU
		{11CC20DC-7ED4-4AA8-A780-F62BB713927E}.Debug|Any CPU.Build.0 = Debug|Any CPU
		{11CC20DC-7ED4-4AA8-A780-F62BB713927E}.Release|Any CPU.ActiveCfg = Release|Any CPU
		{11CC20DC-7ED4-4AA8-A780-F62BB713927E}.Release|Any CPU.Build.0 = Release|Any CPU
		{4777C0CF-F963-4FA9-A48E-0F133057086A}.Debug|Any CPU.ActiveCfg = Debug|Any CPU
		{4777C0CF-F963-4FA9-A48E-0F133057086A}.Debug|Any CPU.Build.0 = Debug|Any CPU
		{4777C0CF-F963-4FA9-A48E-0F133057086A}.Release|Any CPU.ActiveCfg = Release|Any CPU
		{4777C0CF-F963-4FA9-A48E-0F133057086A}.Release|Any CPU.Build.0 = Release|Any CPU
	EndGlobalSection
	GlobalSection(SolutionProperties) = preSolution
		HideSolutionNode = FALSE
	EndGlobalSection
	GlobalSection(ExtensibilityGlobals) = postSolution
		SolutionGuid = {874B44D5-6D37-442F-B282-04FD69FB8F13}
	EndGlobalSection
EndGlobal
